
Microsoft Visual Studio Solution File, Format Version 12.00
# Visual Studio 15
VisualStudioVersion = 15.0.27130.2036
MinimumVisualStudioVersion = 10.0.40219.1
Project("{8BC9CEB8-8B4A-11D0-8D11-00A0C91BC942}") = "1043335_hw5", "1043335_hw5.vcxproj", "{BC081CE9-78AA-4754-9DBB-E392E44C1682}"
EndProject
Global
	GlobalSection(SolutionConfigurationPlatforms) = preSolution
		Debug|x64 = Debug|x64
		Debug|x86 = Debug|x86
		Release|x64 = Release|x64
		Release|x86 = Release|x86
	EndGlobalSection
	GlobalSection(ProjectConfigurationPlatforms) = postSolution
		{BC081CE9-78AA-4754-9DBB-E392E44C1682}.Debug|x64.ActiveCfg = Debug|x64
		{BC081CE9-78AA-4754-9DBB-E392E44C1682}.Debug|x64.Build.0 = Debug|x64
		{BC081CE9-78AA-4754-9DBB-E392E44C1682}.Debug|x86.ActiveCfg = Debug|Win32
		{BC081CE9-78AA-4754-9DBB-E392E44C1682}.Debug|x86.Build.0 = Debug|Win32
		{BC081CE9-78AA-4754-9DBB-E392E44C1682}.Release|x64.ActiveCfg = Release|x64
		{BC081CE9-78AA-4754-9DBB-E392E44C1682}.Release|x64.Build.0 = Release|x64
		{BC081CE9-78AA-4754-9DBB-E392E44C1682}.Release|x86.ActiveCfg = Release|Win32
		{BC081CE9-78AA-4754-9DBB-E392E44C1682}.Release|x86.Build.0 = Release|Win32
	EndGlobalSection
	GlobalSection(SolutionProperties) = preSolution
		HideSolutionNode = FALSE
	EndGlobalSection
	GlobalSection(ExtensibilityGlobals) = postSolution
		SolutionGuid = {9CD97FCC-F6CD-4D8B-975F-99A2B17AB26E}
	EndGlobalSection
EndGlobal
